
Microsoft Visual Studio Solution File, Format Version 12.00
# Visual Studio Version 17
VisualStudioVersion = 17.14.36414.22 d17.14
MinimumVisualStudioVersion = 10.0.40219.1
Project("{FAE04EC0-301F-11D3-BF4B-00C04F79EFBC}") = "Projeto-2", "Projeto-2\Projeto-2.csproj", "{81AAFDB9-B6A2-44BB-9C96-BF736D2B01DB}"
EndProject
Global
	GlobalSection(SolutionConfigurationPlatforms) = preSolution
		Debug|Any CPU = Debug|Any CPU
		Release|Any CPU = Release|Any CPU
	EndGlobalSection
	GlobalSection(ProjectConfigurationPlatforms) = postSolution
		{81AAFDB9-B6A2-44BB-9C96-BF736D2B01DB}.Debug|Any CPU.ActiveCfg = Debug|Any CPU
		{81AAFDB9-B6A2-44BB-9C96-BF736D2B01DB}.Debug|Any CPU.Build.0 = Debug|Any CPU
		{81AAFDB9-B6A2-44BB-9C96-BF736D2B01DB}.Release|Any CPU.ActiveCfg = Release|Any CPU
		{81AAFDB9-B6A2-44BB-9C96-BF736D2B01DB}.Release|Any CPU.Build.0 = Release|Any CPU
	EndGlobalSection
	GlobalSection(SolutionProperties) = preSolution
		HideSolutionNode = FALSE
	EndGlobalSection
	GlobalSection(ExtensibilityGlobals) = postSolution
		SolutionGuid = {53906E1E-8DA8-483A-995B-F996F1E02A10}
	EndGlobalSection
EndGlobal
